
Microsoft Visual Studio Solution File, Format Version 12.00
# Visual Studio Version 16
VisualStudioVersion = 16.0.28721.148
MinimumVisualStudioVersion = 10.0.40219.1
Project("{8BC9CEB8-8B4A-11D0-8D11-00A0C91BC942}") = "Lecture 1", "Lecture 1\Lecture 1.vcxproj", "{AFA07083-15E2-4450-A767-A3C0D06C18E2}"
EndProject
Global
	GlobalSection(SolutionConfigurationPlatforms) = preSolution
		Debug|x64 = Debug|x64
		Debug|x86 = Debug|x86
		Release|x64 = Release|x64
		Release|x86 = Release|x86
	EndGlobalSection
	GlobalSection(ProjectConfigurationPlatforms) = postSolution
		{AFA07083-15E2-4450-A767-A3C0D06C18E2}.Debug|x64.ActiveCfg = Debug|x64
		{AFA07083-15E2-4450-A767-A3C0D06C18E2}.Debug|x64.Build.0 = Debug|x64
		{AFA07083-15E2-4450-A767-A3C0D06C18E2}.Debug|x86.ActiveCfg = Debug|Win32
		{AFA07083-15E2-4450-A767-A3C0D06C18E2}.Debug|x86.Build.0 = Debug|Win32
		{AFA07083-15E2-4450-A767-A3C0D06C18E2}.Release|x64.ActiveCfg = Release|x64
		{AFA07083-15E2-4450-A767-A3C0D06C18E2}.Release|x64.Build.0 = Release|x64
		{AFA07083-15E2-4450-A767-A3C0D06C18E2}.Release|x86.ActiveCfg = Release|Win32
		{AFA07083-15E2-4450-A767-A3C0D06C18E2}.Release|x86.Build.0 = Release|Win32
	EndGlobalSection
	GlobalSection(SolutionProperties) = preSolution
		HideSolutionNode = FALSE
	EndGlobalSection
	GlobalSection(ExtensibilityGlobals) = postSolution
		SolutionGuid = {37B34886-9700-4C21-B580-74548A14621E}
	EndGlobalSection
EndGlobal
